
Microsoft Visual Studio Solution File, Format Version 12.00
Project("{FAE04EC0-301F-11D3-BF4B-00C04F79EFBC}") = "Final", "Final\Final.csproj", "{88FB77F5-6CA5-469E-B28F-673B2F64915A}"
EndProject
Global
	GlobalSection(SolutionConfigurationPlatforms) = preSolution
		Debug|Any CPU = Debug|Any CPU
		Release|Any CPU = Release|Any CPU
	EndGlobalSection
	GlobalSection(ProjectConfigurationPlatforms) = postSolution
		{88FB77F5-6CA5-469E-B28F-673B2F64915A}.Debug|Any CPU.ActiveCfg = Debug|Any CPU
		{88FB77F5-6CA5-469E-B28F-673B2F64915A}.Debug|Any CPU.Build.0 = Debug|Any CPU
		{88FB77F5-6CA5-469E-B28F-673B2F64915A}.Release|Any CPU.ActiveCfg = Release|Any CPU
		{88FB77F5-6CA5-469E-B28F-673B2F64915A}.Release|Any CPU.Build.0 = Release|Any CPU
	EndGlobalSection
EndGlobal
